
Microsoft Visual Studio Solution File, Format Version 12.00
# Visual Studio Version 16
VisualStudioVersion = 16.0.31313.79
MinimumVisualStudioVersion = 10.0.40219.1
Project("{FAE04EC0-301F-11D3-BF4B-00C04F79EFBC}") = "Console", "Console.csproj", "{0F768375-E070-4FA6-A669-406D2924BF00}"
EndProject
Global
	GlobalSection(SolutionConfigurationPlatforms) = preSolution
		Debug|Any CPU = Debug|Any CPU
		Release|Any CPU = Release|Any CPU
	EndGlobalSection
	GlobalSection(ProjectConfigurationPlatforms) = postSolution
		{0F768375-E070-4FA6-A669-406D2924BF00}.Debug|Any CPU.ActiveCfg = Debug|Any CPU
		{0F768375-E070-4FA6-A669-406D2924BF00}.Debug|Any CPU.Build.0 = Debug|Any CPU
		{0F768375-E070-4FA6-A669-406D2924BF00}.Release|Any CPU.ActiveCfg = Release|Any CPU
		{0F768375-E070-4FA6-A669-406D2924BF00}.Release|Any CPU.Build.0 = Release|Any CPU
	EndGlobalSection
	GlobalSection(SolutionProperties) = preSolution
		HideSolutionNode = FALSE
	EndGlobalSection
	GlobalSection(ExtensibilityGlobals) = postSolution
		SolutionGuid = {1B857094-D75A-49FF-926C-5288AF67613A}
	EndGlobalSection
EndGlobal
