
Microsoft Visual Studio Solution File, Format Version 12.00
# Visual Studio Version 16
VisualStudioVersion = 16.0.31313.79
MinimumVisualStudioVersion = 10.0.40219.1
Project("{9A19103F-16F7-4668-BE54-9A1E7A4F7556}") = "Console", "Console.csproj", "{0F768375-E070-4FA6-A669-406D2924BF00}"
EndProject
Project("{9A19103F-16F7-4668-BE54-9A1E7A4F7556}") = "TestProcess", "..\test\TestProcess\TestProcess.csproj", "{2DF988FE-3541-45C3-9B73-2D0F0DD1310B}"
EndProject
Project("{9A19103F-16F7-4668-BE54-9A1E7A4F7556}") = "Train", "..\src\Train\Train.csproj", "{88B95501-CA41-410A-84A0-8439D9823A3B}"
EndProject
Global
	GlobalSection(SolutionConfigurationPlatforms) = preSolution
		Debug|Any CPU = Debug|Any CPU
		Release|Any CPU = Release|Any CPU
	EndGlobalSection
	GlobalSection(ProjectConfigurationPlatforms) = postSolution
		{0F768375-E070-4FA6-A669-406D2924BF00}.Debug|Any CPU.ActiveCfg = Debug|Any CPU
		{0F768375-E070-4FA6-A669-406D2924BF00}.Debug|Any CPU.Build.0 = Debug|Any CPU
		{0F768375-E070-4FA6-A669-406D2924BF00}.Release|Any CPU.ActiveCfg = Release|Any CPU
		{0F768375-E070-4FA6-A669-406D2924BF00}.Release|Any CPU.Build.0 = Release|Any CPU
		{2DF988FE-3541-45C3-9B73-2D0F0DD1310B}.Debug|Any CPU.ActiveCfg = Debug|Any CPU
		{2DF988FE-3541-45C3-9B73-2D0F0DD1310B}.Debug|Any CPU.Build.0 = Debug|Any CPU
		{2DF988FE-3541-45C3-9B73-2D0F0DD1310B}.Release|Any CPU.ActiveCfg = Release|Any CPU
		{2DF988FE-3541-45C3-9B73-2D0F0DD1310B}.Release|Any CPU.Build.0 = Release|Any CPU
		{88B95501-CA41-410A-84A0-8439D9823A3B}.Debug|Any CPU.ActiveCfg = Debug|Any CPU
		{88B95501-CA41-410A-84A0-8439D9823A3B}.Debug|Any CPU.Build.0 = Debug|Any CPU
		{88B95501-CA41-410A-84A0-8439D9823A3B}.Release|Any CPU.ActiveCfg = Release|Any CPU
		{88B95501-CA41-410A-84A0-8439D9823A3B}.Release|Any CPU.Build.0 = Release|Any CPU
	EndGlobalSection
	GlobalSection(SolutionProperties) = preSolution
		HideSolutionNode = FALSE
	EndGlobalSection
	GlobalSection(ExtensibilityGlobals) = postSolution
		SolutionGuid = {1B857094-D75A-49FF-926C-5288AF67613A}
	EndGlobalSection
EndGlobal
